// !$*UTF8*$!
{
	archiveVersion = 1;
	classes = {
	};
	objectVersion = 60;
	objects = {

/* Begin PBXBuildFile section */
		E84ECC032ABAD051004FD3C8 /* AppDelegate.swift in Sources */ = {isa = PBXBuildFile; fileRef = E84ECC022ABAD051004FD3C8 /* AppDelegate.swift */; };
		E84ECC052ABAD051004FD3C8 /* SceneDelegate.swift in Sources */ = {isa = PBXBuildFile; fileRef = E84ECC042ABAD051004FD3C8 /* SceneDelegate.swift */; };
		E84ECC072ABAD051004FD3C8 /* ViewController.swift in Sources */ = {isa = PBXBuildFile; fileRef = E84ECC062ABAD051004FD3C8 /* ViewController.swift */; };
		E84ECC0A2ABAD051004FD3C8 /* Main.storyboard in Resources */ = {isa = PBXBuildFile; fileRef = E84ECC082ABAD051004FD3C8 /* Main.storyboard */; };
		E84ECC0C2ABAD053004FD3C8 /* Assets.xcassets in Resources */ = {isa = PBXBuildFile; fileRef = E84ECC0B2ABAD053004FD3C8 /* Assets.xcassets */; };
		E84ECC0F2ABAD053004FD3C8 /* LaunchScreen.storyboard in Resources */ = {isa = PBXBuildFile; fileRef = E84ECC0D2ABAD053004FD3C8 /* LaunchScreen.storyboard */; };
		E84ECC182ABAD06B004FD3C8 /* TapFontKit-iOS in Frameworks */ = {isa = PBXBuildFile; productRef = E84ECC172ABAD06B004FD3C8 /* TapFontKit-iOS */; };
/* End PBXBuildFile section */

/* Begin PBXFileReference section */
		E84ECBFF2ABAD051004FD3C8 /* TapFontKitExampleApp.app */ = {isa = PBXFileReference; explicitFileType = wrapper.application; includeInIndex = 0; path = TapFontKitExampleApp.app; sourceTree = BUILT_PRODUCTS_DIR; };
		E84ECC022ABAD051004FD3C8 /* AppDelegate.swift */ = {isa = PBXFileReference; lastKnownFileType = sourcecode.swift; path = AppDelegate.swift; sourceTree = "<group>"; };
		E84ECC042ABAD051004FD3C8 /* SceneDelegate.swift */ = {isa = PBXFileReference; lastKnownFileType = sourcecode.swift; path = SceneDelegate.swift; sourceTree = "<group>"; };
		E84ECC062ABAD051004FD3C8 /* ViewController.swift */ = {isa = PBXFileReference; lastKnownFileType = sourcecode.swift; path = ViewController.swift; sourceTree = "<group>"; };
		E84ECC092ABAD051004FD3C8 /* Base */ = {isa = PBXFileReference; lastKnownFileType = file.storyboard; name = Base; path = Base.lproj/Main.storyboard; sourceTree = "<group>"; };
		E84ECC0B2ABAD053004FD3C8 /* Assets.xcassets */ = {isa = PBXFileReference; lastKnownFileType = folder.assetcatalog; path = Assets.xcassets; sourceTree = "<group>"; };
		E84ECC0E2ABAD053004FD3C8 /* Base */ = {isa = PBXFileReference; lastKnownFileType = file.storyboard; name = Base; path = Base.lproj/LaunchScreen.storyboard; sourceTree = "<group>"; };
		E84ECC102ABAD053004FD3C8 /* Info.plist */ = {isa = PBXFileReference; lastKnownFileType = text.plist.xml; path = Info.plist; sourceTree = "<group>"; };
/* End PBXFileReference section */

/* Begin PBXFrameworksBuildPhase section */
		E84ECBFC2ABAD051004FD3C8 /* Frameworks */ = {
			isa = PBXFrameworksBuildPhase;
			buildActionMask = 2147483647;
			files = (
				E84ECC182ABAD06B004FD3C8 /* TapFontKit-iOS in Frameworks */,
			);
			runOnlyForDeploymentPostprocessing = 0;
		};
/* End PBXFrameworksBuildPhase section */

/* Begin PBXGroup section */
		E84ECBF62ABAD051004FD3C8 = {
			isa = PBXGroup;
			children = (
				E84ECC012ABAD051004FD3C8 /* TapFontKitExampleApp */,
				E84ECC002ABAD051004FD3C8 /* Products */,
			);
			sourceTree = "<group>";
		};
		E84ECC002ABAD051004FD3C8 /* Products */ = {
			isa = PBXGroup;
			children = (
				E84ECBFF2ABAD051004FD3C8 /* TapFontKitExampleApp.app */,
			);
			name = Products;
			sourceTree = "<group>";
		};
		E84ECC012ABAD051004FD3C8 /* TapFontKitExampleApp */ = {
			isa = PBXGroup;
			children = (
				E84ECC022ABAD051004FD3C8 /* AppDelegate.swift */,
				E84ECC042ABAD051004FD3C8 /* SceneDelegate.swift */,
				E84ECC062ABAD051004FD3C8 /* ViewController.swift */,
				E84ECC082ABAD051004FD3C8 /* Main.storyboard */,
				E84ECC0B2ABAD053004FD3C8 /* Assets.xcassets */,
				E84ECC0D2ABAD053004FD3C8 /* LaunchScreen.storyboard */,
				E84ECC102ABAD053004FD3C8 /* Info.plist */,
			);
			path = TapFontKitExampleApp;
			sourceTree = "<group>";
		};
/* End PBXGroup section */

/* Begin PBXNativeTarget section */
		E84ECBFE2ABAD051004FD3C8 /* TapFontKitExampleApp */ = {
			isa = PBXNativeTarget;
			buildConfigurationList = E84ECC132ABAD053004FD3C8 /* Build configuration list for PBXNativeTarget "TapFontKitExampleApp" */;
			buildPhases = (
				E84ECBFB2ABAD051004FD3C8 /* Sources */,
				E84ECBFC2ABAD051004FD3C8 /* Frameworks */,
				E84ECBFD2ABAD051004FD3C8 /* Resources */,
			);
			buildRules = (
			);
			dependencies = (
			);
			name = TapFontKitExampleApp;
			packageProductDependencies = (
				E84ECC172ABAD06B004FD3C8 /* TapFontKit-iOS */,
			);
			productName = TapFontKitExampleApp;
			productReference = E84ECBFF2ABAD051004FD3C8 /* TapFontKitExampleApp.app */;
			productType = "com.apple.product-type.application";
		};
/* End PBXNativeTarget section */

/* Begin PBXProject section */
		E84ECBF72ABAD051004FD3C8 /* Project object */ = {
			isa = PBXProject;
			attributes = {
				BuildIndependentTargetsInParallel = 1;
				LastSwiftUpdateCheck = 1500;
				LastUpgradeCheck = 1500;
				TargetAttributes = {
					E84ECBFE2ABAD051004FD3C8 = {
						CreatedOnToolsVersion = 15.0;
					};
				};
			};
			buildConfigurationList = E84ECBFA2ABAD051004FD3C8 /* Build configuration list for PBXProject "TapFontKitExampleApp" */;
			compatibilityVersion = "Xcode 14.0";
			developmentRegion = en;
			hasScannedForEncodings = 0;
			knownRegions = (
				en,
				Base,
			);
			mainGroup = E84ECBF62ABAD051004FD3C8;
			packageReferences = (
				E84ECC162ABAD06B004FD3C8 /* XCLocalSwiftPackageReference ".." */,
			);
			productRefGroup = E84ECC002ABAD051004FD3C8 /* Products */;
			projectDirPath = "";
			projectRoot = "";
			targets = (
				E84ECBFE2ABAD051004FD3C8 /* TapFontKitExampleApp */,
			);
		};
/* End PBXProject section */

/* Begin PBXResourcesBuildPhase section */
		E84ECBFD2ABAD051004FD3C8 /* Resources */ = {
			isa = PBXResourcesBuildPhase;
			buildActionMask = 2147483647;
			files = (
				E84ECC0F2ABAD053004FD3C8 /* LaunchScreen.storyboard in Resources */,
				E84ECC0C2ABAD053004FD3C8 /* Assets.xcassets in Resources */,
				E84ECC0A2ABAD051004FD3C8 /* Main.storyboard in Resources */,
			);
			runOnlyForDeploymentPostprocessing = 0;
		};
/* End PBXResourcesBuildPhase section */

/* Begin PBXSourcesBuildPhase section */
		E84ECBFB2ABAD051004FD3C8 /* Sources */ = {
			isa = PBXSourcesBuildPhase;
			buildActionMask = 2147483647;
			files = (
				E84ECC072ABAD051004FD3C8 /* ViewController.swift in Sources */,
				E84ECC032ABAD051004FD3C8 /* AppDelegate.swift in Sources */,
				E84ECC052ABAD051004FD3C8 /* SceneDelegate.swift in Sources */,
			);
			runOnlyForDeploymentPostprocessing = 0;
		};
/* End PBXSourcesBuildPhase section */

/* Begin PBXVariantGroup section */
		E84ECC082ABAD051004FD3C8 /* Main.storyboard */ = {
			isa = PBXVariantGroup;
			children = (
				E84ECC092ABAD051004FD3C8 /* Base */,
			);
			name = Main.storyboard;
			sourceTree = "<group>";
		};
		E84ECC0D2ABAD053004FD3C8 /* LaunchScreen.storyboard */ = {
			isa = PBXVariantGroup;
			children = (
				E84ECC0E2ABAD053004FD3C8 /* Base */,
			);
			name = LaunchScreen.storyboard;
			sourceTree = "<group>";
		};
/* End PBXVariantGroup section */

/* Begin XCBuildConfiguration section */
		E84ECC112ABAD053004FD3C8 /* Debug */ = {
			isa = XCBuildConfiguration;
			buildSettings = {
				ALWAYS_SEARCH_USER_PATHS = NO;
				ASSETCATALOG_COMPILER_GENERATE_SWIFT_ASSET_SYMBOL_EXTENSIONS = YES;
				CLANG_ANALYZER_NONNULL = YES;
				CLANG_ANALYZER_NUMBER_OBJECT_CONVERSION = YES_AGGRESSIVE;
				CLANG_CXX_LANGUAGE_STANDARD = "gnu++20";
				CLANG_ENABLE_MODULES = YES;
				CLANG_ENABLE_OBJC_ARC = YES;
				CLANG_ENABLE_OBJC_WEAK = YES;
				CLANG_WARN_BLOCK_CAPTURE_AUTORELEASING = YES;
				CLANG_WARN_BOOL_CONVERSION = YES;
				CLANG_WARN_COMMA = YES;
				CLANG_WARN_CONSTANT_CONVERSION = YES;
				CLANG_WARN_DEPRECATED_OBJC_IMPLEMENTATIONS = YES;
				CLANG_WARN_DIRECT_OBJC_ISA_USAGE = YES_ERROR;
				CLANG_WARN_DOCUMENTATION_COMMENTS = YES;
				CLANG_WARN_EMPTY_BODY = YES;
				CLANG_WARN_ENUM_CONVERSION = YES;
				CLANG_WARN_INFINITE_RECURSION = YES;
				CLANG_WARN_INT_CONVERSION = YES;
				CLANG_WARN_NON_LITERAL_NULL_CONVERSION = YES;
				CLANG_WARN_OBJC_IMPLICIT_RETAIN_SELF = YES;
				CLANG_WARN_OBJC_LITERAL_CONVERSION = YES;
				CLANG_WARN_OBJC_ROOT_CLASS = YES_ERROR;
				CLANG_WARN_QUOTED_INCLUDE_IN_FRAMEWORK_HEADER = YES;
				CLANG_WARN_RANGE_LOOP_ANALYSIS = YES;
				CLANG_WARN_STRICT_PROTOTYPES = YES;
				CLANG_WARN_SUSPICIOUS_MOVE = YES;
				CLANG_WARN_UNGUARDED_AVAILABILITY = YES_AGGRESSIVE;
				CLANG_WARN_UNREACHABLE_CODE = YES;
				CLANG_WARN__DUPLICATE_METHOD_MATCH = YES;
				COPY_PHASE_STRIP = NO;
				DEBUG_INFORMATION_FORMAT = dwarf;
				ENABLE_STRICT_OBJC_MSGSEND = YES;
				ENABLE_TESTABILITY = YES;
				ENABLE_USER_SCRIPT_SANDBOXING = YES;
				GCC_C_LANGUAGE_STANDARD = gnu17;
				GCC_DYNAMIC_NO_PIC = NO;
				GCC_NO_COMMON_BLOCKS = YES;
				GCC_OPTIMIZATION_LEVEL = 0;
				GCC_PREPROCESSOR_DEFINITIONS = (
					"DEBUG=1",
					"$(inherited)",
				);
				GCC_WARN_64_TO_32_BIT_CONVERSION = YES;
				GCC_WARN_ABOUT_RETURN_TYPE = YES_ERROR;
				GCC_WARN_UNDECLARED_SELECTOR = YES;
				GCC_WARN_UNINITIALIZED_AUTOS = YES_AGGRESSIVE;
				GCC_WARN_UNUSED_FUNCTION = YES;
				GCC_WARN_UNUSED_VARIABLE = YES;
				IPHONEOS_DEPLOYMENT_TARGET = 13.0;
				LOCALIZATION_PREFERS_STRING_CATALOGS = YES;
				MTL_ENABLE_DEBUG_INFO = INCLUDE_SOURCE;
				MTL_FAST_MATH = YES;
				ONLY_ACTIVE_ARCH = YES;
				SDKROOT = iphoneos;
				SWIFT_ACTIVE_COMPILATION_CONDITIONS = "DEBUG $(inherited)";
				SWIFT_OPTIMIZATION_LEVEL = "-Onone";
			};
			name = Debug;
		};
		E84ECC122ABAD053004FD3C8 /* Release */ = {
			isa = XCBuildConfiguration;
			buildSettings = {
				ALWAYS_SEARCH_USER_PATHS = NO;
				ASSETCATALOG_COMPILER_GENERATE_SWIFT_ASSET_SYMBOL_EXTENSIONS = YES;
				CLANG_ANALYZER_NONNULL = YES;
				CLANG_ANALYZER_NUMBER_OBJECT_CONVERSION = YES_AGGRESSIVE;
				CLANG_CXX_LANGUAGE_STANDARD = "gnu++20";
				CLANG_ENABLE_MODULES = YES;
				CLANG_ENABLE_OBJC_ARC = YES;
				CLANG_ENABLE_OBJC_WEAK = YES;
				CLANG_WARN_BLOCK_CAPTURE_AUTORELEASING = YES;
				CLANG_WARN_BOOL_CONVERSION = YES;
				CLANG_WARN_COMMA = YES;
				CLANG_WARN_CONSTANT_CONVERSION = YES;
				CLANG_WARN_DEPRECATED_OBJC_IMPLEMENTATIONS = YES;
				CLANG_WARN_DIRECT_OBJC_ISA_USAGE = YES_ERROR;
				CLANG_WARN_DOCUMENTATION_COMMENTS = YES;
				CLANG_WARN_EMPTY_BODY = YES;
				CLANG_WARN_ENUM_CONVERSION = YES;
				CLANG_WARN_INFINITE_RECURSION = YES;
				CLANG_WARN_INT_CONVERSION = YES;
				CLANG_WARN_NON_LITERAL_NULL_CONVERSION = YES;
				CLANG_WARN_OBJC_IMPLICIT_RETAIN_SELF = YES;
				CLANG_WARN_OBJC_LITERAL_CONVERSION = YES;
				CLANG_WARN_OBJC_ROOT_CLASS = YES_ERROR;
				CLANG_WARN_QUOTED_INCLUDE_IN_FRAMEWORK_HEADER = YES;
				CLANG_WARN_RANGE_LOOP_ANALYSIS = YES;
				CLANG_WARN_STRICT_PROTOTYPES = YES;
				CLANG_WARN_SUSPICIOUS_MOVE = YES;
				CLANG_WARN_UNGUARDED_AVAILABILITY = YES_AGGRESSIVE;
				CLANG_WARN_UNREACHABLE_CODE = YES;
				CLANG_WARN__DUPLICATE_METHOD_MATCH = YES;
				COPY_PHASE_STRIP = NO;
				DEBUG_INFORMATION_FORMAT = "dwarf-with-dsym";
				ENABLE_NS_ASSERTIONS = NO;
				ENABLE_STRICT_OBJC_MSGSEND = YES;
				ENABLE_USER_SCRIPT_SANDBOXING = YES;
				GCC_C_LANGUAGE_STANDARD = gnu17;
				GCC_NO_COMMON_BLOCKS = YES;
				GCC_WARN_64_TO_32_BIT_CONVERSION = YES;
				GCC_WARN_ABOUT_RETURN_TYPE = YES_ERROR;
				GCC_WARN_UNDECLARED_SELECTOR = YES;
				GCC_WARN_UNINITIALIZED_AUTOS = YES_AGGRESSIVE;
				GCC_WARN_UNUSED_FUNCTION = YES;
				GCC_WARN_UNUSED_VARIABLE = YES;
				IPHONEOS_DEPLOYMENT_TARGET = 13.0;
				LOCALIZATION_PREFERS_STRING_CATALOGS = YES;
				MTL_ENABLE_DEBUG_INFO = NO;
				MTL_FAST_MATH = YES;
				SDKROOT = iphoneos;
				SWIFT_COMPILATION_MODE = wholemodule;
				VALIDATE_PRODUCT = YES;
			};
			name = Release;
		};
		E84ECC142ABAD053004FD3C8 /* Debug */ = {
			isa = XCBuildConfiguration;
			buildSettings = {
				ASSETCATALOG_COMPILER_APPICON_NAME = AppIcon;
				ASSETCATALOG_COMPILER_GLOBAL_ACCENT_COLOR_NAME = AccentColor;
				CODE_SIGN_STYLE = Automatic;
				CURRENT_PROJECT_VERSION = 1;
				DEVELOPMENT_TEAM = G46S76PUH4;
				GENERATE_INFOPLIST_FILE = YES;
				INFOPLIST_FILE = TapFontKitExampleApp/Info.plist;
				INFOPLIST_KEY_UIApplicationSupportsIndirectInputEvents = YES;
				INFOPLIST_KEY_UILaunchStoryboardName = LaunchScreen;
				INFOPLIST_KEY_UIMainStoryboardFile = Main;
				INFOPLIST_KEY_UISupportedInterfaceOrientations_iPad = "UIInterfaceOrientationPortrait UIInterfaceOrientationPortraitUpsideDown UIInterfaceOrientationLandscapeLeft UIInterfaceOrientationLandscapeRight";
				INFOPLIST_KEY_UISupportedInterfaceOrientations_iPhone = "UIInterfaceOrientationPortrait UIInterfaceOrientationLandscapeLeft UIInterfaceOrientationLandscapeRight";
				IPHONEOS_DEPLOYMENT_TARGET = 13.0;
				LD_RUNPATH_SEARCH_PATHS = (
					"$(inherited)",
					"@executable_path/Frameworks",
				);
				MARKETING_VERSION = 1.0;
				PRODUCT_BUNDLE_IDENTIFIER = tap.TapFontKitExampleApp;
				PRODUCT_NAME = "$(TARGET_NAME)";
				SWIFT_EMIT_LOC_STRINGS = YES;
				SWIFT_VERSION = 5.0;
				TARGETED_DEVICE_FAMILY = "1,2";
			};
			name = Debug;
		};
		E84ECC152ABAD053004FD3C8 /* Release */ = {
			isa = XCBuildConfiguration;
			buildSettings = {
				ASSETCATALOG_COMPILER_APPICON_NAME = AppIcon;
				ASSETCATALOG_COMPILER_GLOBAL_ACCENT_COLOR_NAME = AccentColor;
				CODE_SIGN_STYLE = Automatic;
				CURRENT_PROJECT_VERSION = 1;
				DEVELOPMENT_TEAM = G46S76PUH4;
				GENERATE_INFOPLIST_FILE = YES;
				INFOPLIST_FILE = TapFontKitExampleApp/Info.plist;
				INFOPLIST_KEY_UIApplicationSupportsIndirectInputEvents = YES;
				INFOPLIST_KEY_UILaunchStoryboardName = LaunchScreen;
				INFOPLIST_KEY_UIMainStoryboardFile = Main;
				INFOPLIST_KEY_UISupportedInterfaceOrientations_iPad = "UIInterfaceOrientationPortrait UIInterfaceOrientationPortraitUpsideDown UIInterfaceOrientationLandscapeLeft UIInterfaceOrientationLandscapeRight";
				INFOPLIST_KEY_UISupportedInterfaceOrientations_iPhone = "UIInterfaceOrientationPortrait UIInterfaceOrientationLandscapeLeft UIInterfaceOrientationLandscapeRight";
				IPHONEOS_DEPLOYMENT_TARGET = 13.0;
				LD_RUNPATH_SEARCH_PATHS = (
					"$(inherited)",
					"@executable_path/Frameworks",
				);
				MARKETING_VERSION = 1.0;
				PRODUCT_BUNDLE_IDENTIFIER = tap.TapFontKitExampleApp;
				PRODUCT_NAME = "$(TARGET_NAME)";
				SWIFT_EMIT_LOC_STRINGS = YES;
				SWIFT_VERSION = 5.0;
				TARGETED_DEVICE_FAMILY = "1,2";
			};
			name = Release;
		};
/* End XCBuildConfiguration section */

/* Begin XCConfigurationList section */
		E84ECBFA2ABAD051004FD3C8 /* Build configuration list for PBXProject "TapFontKitExampleApp" */ = {
			isa = XCConfigurationList;
			buildConfigurations = (
				E84ECC112ABAD053004FD3C8 /* Debug */,
				E84ECC122ABAD053004FD3C8 /* Release */,
			);
			defaultConfigurationIsVisible = 0;
			defaultConfigurationName = Release;
		};
		E84ECC132ABAD053004FD3C8 /* Build configuration list for PBXNativeTarget "TapFontKitExampleApp" */ = {
			isa = XCConfigurationList;
			buildConfigurations = (
				E84ECC142ABAD053004FD3C8 /* Debug */,
				E84ECC152ABAD053004FD3C8 /* Release */,
			);
			defaultConfigurationIsVisible = 0;
			defaultConfigurationName = Release;
		};
/* End XCConfigurationList section */

/* Begin XCLocalSwiftPackageReference section */
		E84ECC162ABAD06B004FD3C8 /* XCLocalSwiftPackageReference ".." */ = {
			isa = XCLocalSwiftPackageReference;
			relativePath = ..;
		};
/* End XCLocalSwiftPackageReference section */

/* Begin XCSwiftPackageProductDependency section */
		E84ECC172ABAD06B004FD3C8 /* TapFontKit-iOS */ = {
			isa = XCSwiftPackageProductDependency;
			productName = "TapFontKit-iOS";
		};
/* End XCSwiftPackageProductDependency section */
	};
	rootObject = E84ECBF72ABAD051004FD3C8 /* Project object */;
}
