PODS:
  - TapSwiftFixesV2 (1.0.0):
    - TapSwiftFixesV2/CoreGraphics (= 1.0.0)
    - TapSwiftFixesV2/Exceptions (= 1.0.0)
    - TapSwiftFixesV2/Threading (= 1.0.0)
  - TapSwiftFixesV2/CoreGraphics (1.0.0)
  - TapSwiftFixesV2/Exceptions (1.0.0)
  - TapSwiftFixesV2/Threading (1.0.0)

DEPENDENCIES:
  - TapSwiftFixesV2

SPEC REPOS:
  trunk:
    - TapSwiftFixesV2

SPEC CHECKSUMS:
  TapSwiftFixesV2: a8623a7273c6790b9754ec7e272e96fce7d3a800

PODFILE CHECKSUM: 187878184ee814b7cf693dbc00f25c6ce0265027

COCOAPODS: 1.10.1
